{
  "name": "@emotionagency/form",
  "version": "0.0.2",
  "lockfileVersion": 1,
  "requires": true,
  "dependencies": {
    "@types/node": {
      "version": "14.14.12",
      "resolved": "https://registry.npmjs.org/@types/node/-/node-14.14.12.tgz",
      "integrity": "sha512-ASH8OPHMNlkdjrEdmoILmzFfsJICvhBsFfAum4aKZ/9U4B6M6tTmTPh+f3ttWdD74CEGV5XvXWkbyfSdXaTd7g==",
      "dev": true
    },
    "libphonenumber-js": {
      "version": "1.9.6",
      "resolved": "https://registry.npmjs.org/libphonenumber-js/-/libphonenumber-js-1.9.6.tgz",
      "integrity": "sha512-Ob419L88HxP3iVXPMI1Z/146izHrUPcV70ClnoP9WyNBgdy6mtlkCxx4ewMDmCzsdY5D4diDOUz8kboqLdKBoQ=="
    }
  }
}
